
Microsoft Visual Studio Solution File, Format Version 12.00
# Visual Studio Version 17
VisualStudioVersion = 17.14.36518.9 d17.14
MinimumVisualStudioVersion = 10.0.40219.1
Project("{FAE04EC0-301F-11D3-BF4B-00C04F79EFBC}") = "UnitTest2", "UnitTest2\UnitTest2.csproj", "{5E028B75-5256-40D3-BC70-DAEE58800138}"
EndProject
Global
	GlobalSection(SolutionConfigurationPlatforms) = preSolution
		Debug|Any CPU = Debug|Any CPU
		Release|Any CPU = Release|Any CPU
	EndGlobalSection
	GlobalSection(ProjectConfigurationPlatforms) = postSolution
		{5E028B75-5256-40D3-BC70-DAEE58800138}.Debug|Any CPU.ActiveCfg = Debug|Any CPU
		{5E028B75-5256-40D3-BC70-DAEE58800138}.Debug|Any CPU.Build.0 = Debug|Any CPU
		{5E028B75-5256-40D3-BC70-DAEE58800138}.Release|Any CPU.ActiveCfg = Release|Any CPU
		{5E028B75-5256-40D3-BC70-DAEE58800138}.Release|Any CPU.Build.0 = Release|Any CPU
	EndGlobalSection
	GlobalSection(SolutionProperties) = preSolution
		HideSolutionNode = FALSE
	EndGlobalSection
	GlobalSection(ExtensibilityGlobals) = postSolution
		SolutionGuid = {956E5016-03BD-4E6B-BE23-3AE3FC11EC2B}
	EndGlobalSection
EndGlobal
