
Microsoft Visual Studio Solution File, Format Version 12.00
# Visual Studio Version 17
VisualStudioVersion = 17.14.36518.9 d17.14
MinimumVisualStudioVersion = 10.0.40219.1
Project("{FAE04EC0-301F-11D3-BF4B-00C04F79EFBC}") = "UnitTest4", "UnitTest4\UnitTest4.csproj", "{8D24A76F-E116-4A51-954C-55E1C67F6A37}"
EndProject
Global
	GlobalSection(SolutionConfigurationPlatforms) = preSolution
		Debug|Any CPU = Debug|Any CPU
		Release|Any CPU = Release|Any CPU
	EndGlobalSection
	GlobalSection(ProjectConfigurationPlatforms) = postSolution
		{8D24A76F-E116-4A51-954C-55E1C67F6A37}.Debug|Any CPU.ActiveCfg = Debug|Any CPU
		{8D24A76F-E116-4A51-954C-55E1C67F6A37}.Debug|Any CPU.Build.0 = Debug|Any CPU
		{8D24A76F-E116-4A51-954C-55E1C67F6A37}.Release|Any CPU.ActiveCfg = Release|Any CPU
		{8D24A76F-E116-4A51-954C-55E1C67F6A37}.Release|Any CPU.Build.0 = Release|Any CPU
	EndGlobalSection
	GlobalSection(SolutionProperties) = preSolution
		HideSolutionNode = FALSE
	EndGlobalSection
	GlobalSection(ExtensibilityGlobals) = postSolution
		SolutionGuid = {ED15AE19-2832-4674-8DE8-0213EF00DF6B}
	EndGlobalSection
EndGlobal
